
Microsoft Visual Studio Solution File, Format Version 12.00
# Visual Studio Version 16
VisualStudioVersion = 16.0.29519.181
MinimumVisualStudioVersion = 10.0.40219.1
Project("{FAE04EC0-301F-11D3-BF4B-00C04F79EFBC}") = "RandomString", "RandomString.csproj", "{84CB9B30-5D36-45CD-954F-3F752484346C}"
EndProject
Project("{FAE04EC0-301F-11D3-BF4B-00C04F79EFBC}") = "RandomStringTests", "..\RandomStringTests\RandomStringTests.csproj", "{65DE4509-971B-4D29-9E74-DBA1101F45D1}"
EndProject
Global
	GlobalSection(SolutionConfigurationPlatforms) = preSolution
		Debug|Any CPU = Debug|Any CPU
		Release|Any CPU = Release|Any CPU
	EndGlobalSection
	GlobalSection(ProjectConfigurationPlatforms) = postSolution
		{84CB9B30-5D36-45CD-954F-3F752484346C}.Debug|Any CPU.ActiveCfg = Debug|Any CPU
		{84CB9B30-5D36-45CD-954F-3F752484346C}.Debug|Any CPU.Build.0 = Debug|Any CPU
		{84CB9B30-5D36-45CD-954F-3F752484346C}.Release|Any CPU.ActiveCfg = Release|Any CPU
		{84CB9B30-5D36-45CD-954F-3F752484346C}.Release|Any CPU.Build.0 = Release|Any CPU
		{65DE4509-971B-4D29-9E74-DBA1101F45D1}.Debug|Any CPU.ActiveCfg = Debug|Any CPU
		{65DE4509-971B-4D29-9E74-DBA1101F45D1}.Debug|Any CPU.Build.0 = Debug|Any CPU
		{65DE4509-971B-4D29-9E74-DBA1101F45D1}.Release|Any CPU.ActiveCfg = Release|Any CPU
		{65DE4509-971B-4D29-9E74-DBA1101F45D1}.Release|Any CPU.Build.0 = Release|Any CPU
	EndGlobalSection
	GlobalSection(SolutionProperties) = preSolution
		HideSolutionNode = FALSE
	EndGlobalSection
	GlobalSection(ExtensibilityGlobals) = postSolution
		SolutionGuid = {995DCFDE-6FD5-49BC-B17A-CF48A9D522FF}
	EndGlobalSection
EndGlobal
