
Microsoft Visual Studio Solution File, Format Version 12.00
# Visual Studio Version 16
VisualStudioVersion = 16.0.29519.181
MinimumVisualStudioVersion = 10.0.40219.1
Project("{9A19103F-16F7-4668-BE54-9A1E7A4F7556}") = "RandomString", "src\RandomString.csproj", "{F66AC608-0CD4-4154-B1C6-248669A12286}"
EndProject
Project("{9A19103F-16F7-4668-BE54-9A1E7A4F7556}") = "RandomStringTests", "tests\RandomStringTests.csproj", "{B6151AFF-F97B-4480-B354-CE1207A35482}"
EndProject
Global
	GlobalSection(SolutionConfigurationPlatforms) = preSolution
		Debug|Any CPU = Debug|Any CPU
		Release|Any CPU = Release|Any CPU
	EndGlobalSection
	GlobalSection(ProjectConfigurationPlatforms) = postSolution
		{F66AC608-0CD4-4154-B1C6-248669A12286}.Debug|Any CPU.ActiveCfg = Debug|Any CPU
		{F66AC608-0CD4-4154-B1C6-248669A12286}.Debug|Any CPU.Build.0 = Debug|Any CPU
		{F66AC608-0CD4-4154-B1C6-248669A12286}.Release|Any CPU.ActiveCfg = Release|Any CPU
		{F66AC608-0CD4-4154-B1C6-248669A12286}.Release|Any CPU.Build.0 = Release|Any CPU
		{B6151AFF-F97B-4480-B354-CE1207A35482}.Debug|Any CPU.ActiveCfg = Debug|Any CPU
		{B6151AFF-F97B-4480-B354-CE1207A35482}.Debug|Any CPU.Build.0 = Debug|Any CPU
		{B6151AFF-F97B-4480-B354-CE1207A35482}.Release|Any CPU.ActiveCfg = Release|Any CPU
		{B6151AFF-F97B-4480-B354-CE1207A35482}.Release|Any CPU.Build.0 = Release|Any CPU
	EndGlobalSection
	GlobalSection(SolutionProperties) = preSolution
		HideSolutionNode = FALSE
	EndGlobalSection
	GlobalSection(ExtensibilityGlobals) = postSolution
		SolutionGuid = {995DCFDE-6FD5-49BC-B17A-CF48A9D522FF}
	EndGlobalSection
EndGlobal
